
Microsoft Visual Studio Solution File, Format Version 12.00
# Visual Studio 14
VisualStudioVersion = 14.0.25420.1
MinimumVisualStudioVersion = 10.0.40219.1
Project("{2150E333-8FDC-42A3-9474-1A3956D46DE8}") = "05.UI", "05.UI", "{46F7A376-E35C-4D44-A789-A50CAF6B36A2}"
EndProject
Project("{2150E333-8FDC-42A3-9474-1A3956D46DE8}") = "03.Infra", "03.Infra", "{41F96E4B-39CC-4ED1-8E3C-F5E7A260D6D5}"
EndProject
Project("{2150E333-8FDC-42A3-9474-1A3956D46DE8}") = "04.Job", "04.Job", "{2E4CCB88-3DB8-4605-80FC-E58B9ABB1192}"
EndProject
Project("{FAE04EC0-301F-11D3-BF4B-00C04F79EFBC}") = "RAT.Report.Domain", "RAT.Report.Domain\RAT.Report.Domain.csproj", "{32A8BBED-2EFC-4E5E-9ED6-13500035DFE3}"
EndProject
Project("{FAE04EC0-301F-11D3-BF4B-00C04F79EFBC}") = "RAT.Report.DataAccess", "RAT.Report.DataAccess\RAT.Report.DataAccess.csproj", "{7ED78B52-6D7B-4830-8925-49DEF0EB5F15}"
EndProject
Project("{FAE04EC0-301F-11D3-BF4B-00C04F79EFBC}") = "RAT.Report.BusinessLogic", "RAT.Report.BusinessLogic\RAT.Report.BusinessLogic.csproj", "{D38D993E-6537-477C-A066-E1B64784795C}"
EndProject
Project("{FAE04EC0-301F-11D3-BF4B-00C04F79EFBC}") = "RAT.Report.ReportApi", "RAT.Report.ReportApi\RAT.Report.ReportApi.csproj", "{2AF9CF94-A840-4914-AE97-DF85F2DD2A41}"
EndProject
Project("{FAE04EC0-301F-11D3-BF4B-00C04F79EFBC}") = "RAT.Report.ReportClient", "RAT.Report.ReportClient\RAT.Report.ReportClient.csproj", "{C667470F-8EC2-4375-8C48-6C3AB6211A99}"
EndProject
Project("{2150E333-8FDC-42A3-9474-1A3956D46DE8}") = "02.Services", "02.Services", "{35178523-41FF-4525-A8D0-80FE3944AE1B}"
EndProject
Project("{FAE04EC0-301F-11D3-BF4B-00C04F79EFBC}") = "RAT.Report.Service.Excel", "RAT.Report.Service.Excel\RAT.Report.Service.Excel.csproj", "{71B137DD-E845-4F68-8CA5-A3132DA40DB0}"
EndProject
Global
	GlobalSection(SolutionConfigurationPlatforms) = preSolution
		Debug|Any CPU = Debug|Any CPU
		Debug|x64 = Debug|x64
		Release|Any CPU = Release|Any CPU
		Release|x64 = Release|x64
	EndGlobalSection
	GlobalSection(ProjectConfigurationPlatforms) = postSolution
		{32A8BBED-2EFC-4E5E-9ED6-13500035DFE3}.Debug|Any CPU.ActiveCfg = Debug|Any CPU
		{32A8BBED-2EFC-4E5E-9ED6-13500035DFE3}.Debug|Any CPU.Build.0 = Debug|Any CPU
		{32A8BBED-2EFC-4E5E-9ED6-13500035DFE3}.Debug|x64.ActiveCfg = Debug|x64
		{32A8BBED-2EFC-4E5E-9ED6-13500035DFE3}.Debug|x64.Build.0 = Debug|x64
		{32A8BBED-2EFC-4E5E-9ED6-13500035DFE3}.Release|Any CPU.ActiveCfg = Release|Any CPU
		{32A8BBED-2EFC-4E5E-9ED6-13500035DFE3}.Release|Any CPU.Build.0 = Release|Any CPU
		{32A8BBED-2EFC-4E5E-9ED6-13500035DFE3}.Release|x64.ActiveCfg = Release|x64
		{32A8BBED-2EFC-4E5E-9ED6-13500035DFE3}.Release|x64.Build.0 = Release|x64
		{7ED78B52-6D7B-4830-8925-49DEF0EB5F15}.Debug|Any CPU.ActiveCfg = Debug|Any CPU
		{7ED78B52-6D7B-4830-8925-49DEF0EB5F15}.Debug|Any CPU.Build.0 = Debug|Any CPU
		{7ED78B52-6D7B-4830-8925-49DEF0EB5F15}.Debug|x64.ActiveCfg = Debug|x64
		{7ED78B52-6D7B-4830-8925-49DEF0EB5F15}.Debug|x64.Build.0 = Debug|x64
		{7ED78B52-6D7B-4830-8925-49DEF0EB5F15}.Release|Any CPU.ActiveCfg = Release|Any CPU
		{7ED78B52-6D7B-4830-8925-49DEF0EB5F15}.Release|Any CPU.Build.0 = Release|Any CPU
		{7ED78B52-6D7B-4830-8925-49DEF0EB5F15}.Release|x64.ActiveCfg = Release|x64
		{7ED78B52-6D7B-4830-8925-49DEF0EB5F15}.Release|x64.Build.0 = Release|x64
		{D38D993E-6537-477C-A066-E1B64784795C}.Debug|Any CPU.ActiveCfg = Debug|Any CPU
		{D38D993E-6537-477C-A066-E1B64784795C}.Debug|Any CPU.Build.0 = Debug|Any CPU
		{D38D993E-6537-477C-A066-E1B64784795C}.Debug|x64.ActiveCfg = Debug|x64
		{D38D993E-6537-477C-A066-E1B64784795C}.Debug|x64.Build.0 = Debug|x64
		{D38D993E-6537-477C-A066-E1B64784795C}.Release|Any CPU.ActiveCfg = Release|Any CPU
		{D38D993E-6537-477C-A066-E1B64784795C}.Release|Any CPU.Build.0 = Release|Any CPU
		{D38D993E-6537-477C-A066-E1B64784795C}.Release|x64.ActiveCfg = Release|x64
		{D38D993E-6537-477C-A066-E1B64784795C}.Release|x64.Build.0 = Release|x64
		{2AF9CF94-A840-4914-AE97-DF85F2DD2A41}.Debug|Any CPU.ActiveCfg = Debug|Any CPU
		{2AF9CF94-A840-4914-AE97-DF85F2DD2A41}.Debug|Any CPU.Build.0 = Debug|Any CPU
		{2AF9CF94-A840-4914-AE97-DF85F2DD2A41}.Debug|x64.ActiveCfg = Debug|x64
		{2AF9CF94-A840-4914-AE97-DF85F2DD2A41}.Debug|x64.Build.0 = Debug|x64
		{2AF9CF94-A840-4914-AE97-DF85F2DD2A41}.Release|Any CPU.ActiveCfg = Release|Any CPU
		{2AF9CF94-A840-4914-AE97-DF85F2DD2A41}.Release|Any CPU.Build.0 = Release|Any CPU
		{2AF9CF94-A840-4914-AE97-DF85F2DD2A41}.Release|x64.ActiveCfg = Release|x64
		{2AF9CF94-A840-4914-AE97-DF85F2DD2A41}.Release|x64.Build.0 = Release|x64
		{C667470F-8EC2-4375-8C48-6C3AB6211A99}.Debug|Any CPU.ActiveCfg = Debug|Any CPU
		{C667470F-8EC2-4375-8C48-6C3AB6211A99}.Debug|Any CPU.Build.0 = Debug|Any CPU
		{C667470F-8EC2-4375-8C48-6C3AB6211A99}.Debug|x64.ActiveCfg = Debug|x64
		{C667470F-8EC2-4375-8C48-6C3AB6211A99}.Debug|x64.Build.0 = Debug|x64
		{C667470F-8EC2-4375-8C48-6C3AB6211A99}.Release|Any CPU.ActiveCfg = Release|Any CPU
		{C667470F-8EC2-4375-8C48-6C3AB6211A99}.Release|Any CPU.Build.0 = Release|Any CPU
		{C667470F-8EC2-4375-8C48-6C3AB6211A99}.Release|x64.ActiveCfg = Release|x64
		{C667470F-8EC2-4375-8C48-6C3AB6211A99}.Release|x64.Build.0 = Release|x64
		{71B137DD-E845-4F68-8CA5-A3132DA40DB0}.Debug|Any CPU.ActiveCfg = Debug|Any CPU
		{71B137DD-E845-4F68-8CA5-A3132DA40DB0}.Debug|Any CPU.Build.0 = Debug|Any CPU
		{71B137DD-E845-4F68-8CA5-A3132DA40DB0}.Debug|x64.ActiveCfg = Debug|x64
		{71B137DD-E845-4F68-8CA5-A3132DA40DB0}.Debug|x64.Build.0 = Debug|x64
		{71B137DD-E845-4F68-8CA5-A3132DA40DB0}.Release|Any CPU.ActiveCfg = Release|Any CPU
		{71B137DD-E845-4F68-8CA5-A3132DA40DB0}.Release|Any CPU.Build.0 = Release|Any CPU
		{71B137DD-E845-4F68-8CA5-A3132DA40DB0}.Release|x64.ActiveCfg = Release|x64
		{71B137DD-E845-4F68-8CA5-A3132DA40DB0}.Release|x64.Build.0 = Release|x64
	EndGlobalSection
	GlobalSection(SolutionProperties) = preSolution
		HideSolutionNode = FALSE
	EndGlobalSection
	GlobalSection(NestedProjects) = preSolution
		{32A8BBED-2EFC-4E5E-9ED6-13500035DFE3} = {41F96E4B-39CC-4ED1-8E3C-F5E7A260D6D5}
		{7ED78B52-6D7B-4830-8925-49DEF0EB5F15} = {41F96E4B-39CC-4ED1-8E3C-F5E7A260D6D5}
		{D38D993E-6537-477C-A066-E1B64784795C} = {41F96E4B-39CC-4ED1-8E3C-F5E7A260D6D5}
		{2AF9CF94-A840-4914-AE97-DF85F2DD2A41} = {46F7A376-E35C-4D44-A789-A50CAF6B36A2}
		{C667470F-8EC2-4375-8C48-6C3AB6211A99} = {46F7A376-E35C-4D44-A789-A50CAF6B36A2}
		{71B137DD-E845-4F68-8CA5-A3132DA40DB0} = {35178523-41FF-4525-A8D0-80FE3944AE1B}
	EndGlobalSection
EndGlobal
